// !$*UTF8*$!
{
	archiveVersion = 1;
	classes = {
	};
	objectVersion = 55;
	objects = {

/* Begin PBXBuildFile section */
		3A5AC31029898B330080323A /* UIButton+Extension.swift in Sources */ = {isa = PBXBuildFile; fileRef = 3A5AC30F29898B330080323A /* UIButton+Extension.swift */; };
		3A75FC10298827BE00B36A46 /* MainAttendanceCodeCell.swift in Sources */ = {isa = PBXBuildFile; fileRef = 3A75FC0F298827BE00B36A46 /* MainAttendanceCodeCell.swift */; };
		3A8E2DDF2997697E00D5476A /* AttendanceCodeDetailViewController.swift in Sources */ = {isa = PBXBuildFile; fileRef = 3A8E2DDE2997697E00D5476A /* AttendanceCodeDetailViewController.swift */; };
		3AA713C929884007006F922F /* MainAttendanceDoneCell.swift in Sources */ = {isa = PBXBuildFile; fileRef = 3AA713C829884007006F922F /* MainAttendanceDoneCell.swift */; };
		3AA713D1298946FF006F922F /* UIColor+Extension.swift in Sources */ = {isa = PBXBuildFile; fileRef = 3AA713D0298946FF006F922F /* UIColor+Extension.swift */; };
		3ABBF74829975801004D4D0B /* NotActiveSessionCell.swift in Sources */ = {isa = PBXBuildFile; fileRef = 3ABBF74729975801004D4D0B /* NotActiveSessionCell.swift */; };
		3ABBF75129975EDA004D4D0B /* AdminSessionCell.swift in Sources */ = {isa = PBXBuildFile; fileRef = 3ABBF74E29975ED9004D4D0B /* AdminSessionCell.swift */; };
		3ABBF75229975EDA004D4D0B /* AdminSessionTableViewController.swift in Sources */ = {isa = PBXBuildFile; fileRef = 3ABBF74F29975ED9004D4D0B /* AdminSessionTableViewController.swift */; };
		3ABBF75329975EDA004D4D0B /* AddSessionViewController.swift in Sources */ = {isa = PBXBuildFile; fileRef = 3ABBF75029975ED9004D4D0B /* AddSessionViewController.swift */; };
		3ABEDB7129976EF100F9BF1C /* UINavigationController+Extension.swift in Sources */ = {isa = PBXBuildFile; fileRef = 3ABEDB6F29976EF100F9BF1C /* UINavigationController+Extension.swift */; };
		3ABEDB7229976EF100F9BF1C /* Optional+Extension.swift in Sources */ = {isa = PBXBuildFile; fileRef = 3ABEDB7029976EF100F9BF1C /* Optional+Extension.swift */; };
		3ABEDB742997719000F9BF1C /* String+Extension.swift in Sources */ = {isa = PBXBuildFile; fileRef = 3ABEDB732997719000F9BF1C /* String+Extension.swift */; };
		3ABEDB76299771A900F9BF1C /* Collection+Extension.swift in Sources */ = {isa = PBXBuildFile; fileRef = 3ABEDB75299771A900F9BF1C /* Collection+Extension.swift */; };
		87F8DFFA60C924D9501841E5 /* libPods-momoIOS.a in Frameworks */ = {isa = PBXBuildFile; fileRef = E45B17EF748C61E8DABEACD4 /* libPods-momoIOS.a */; };
		BF0408632987B3AA00F1129B /* LoginController.swift in Sources */ = {isa = PBXBuildFile; fileRef = BF0408622987B3AA00F1129B /* LoginController.swift */; };
		BF04086B2987E34800F1129B /* AuthCommonConstants.swift in Sources */ = {isa = PBXBuildFile; fileRef = BF04086A2987E34800F1129B /* AuthCommonConstants.swift */; };
		BF04086D2987E38C00F1129B /* RegistrationController.swift in Sources */ = {isa = PBXBuildFile; fileRef = BF04086C2987E38C00F1129B /* RegistrationController.swift */; };
		BF04086F2987E70200F1129B /* CheckSecurityCodeController.swift in Sources */ = {isa = PBXBuildFile; fileRef = BF04086E2987E70200F1129B /* CheckSecurityCodeController.swift */; };
		BF088BC5299A10B100A63A5B /* AbsenceModalViewController.swift in Sources */ = {isa = PBXBuildFile; fileRef = BF088BC4299A10B100A63A5B /* AbsenceModalViewController.swift */; };
		BF234F60299B597300E6ADBA /* RegisterPlaceViewControlelr.swift in Sources */ = {isa = PBXBuildFile; fileRef = BF234F5F299B597300E6ADBA /* RegisterPlaceViewControlelr.swift */; };
		BF405C7829972C4900B5889D /* AddIndividualMemberViewController.swift in Sources */ = {isa = PBXBuildFile; fileRef = BF405C7729972C4900B5889D /* AddIndividualMemberViewController.swift */; };
		BF405C7E29976DB400B5889D /* CommonTitleLabel.swift in Sources */ = {isa = PBXBuildFile; fileRef = BF405C7D29976DB400B5889D /* CommonTitleLabel.swift */; };
		BF405C8029976F9300B5889D /* CommonTextField.swift in Sources */ = {isa = PBXBuildFile; fileRef = BF405C7F29976F9300B5889D /* CommonTextField.swift */; };
		BF405C82299773AA00B5889D /* CommonActionButton.swift in Sources */ = {isa = PBXBuildFile; fileRef = BF405C81299773AA00B5889D /* CommonActionButton.swift */; };
		BF4310FA298C525900270DBF /* AttendanceHistoryCell.swift in Sources */ = {isa = PBXBuildFile; fileRef = BF4310F9298C525900270DBF /* AttendanceHistoryCell.swift */; };
		BF43B57629951EAF0026DCE3 /* MoimManagementController.swift in Sources */ = {isa = PBXBuildFile; fileRef = BF43B57529951EAF0026DCE3 /* MoimManagementController.swift */; };
		BF43B57829951F0C0026DCE3 /* ProfileView.swift in Sources */ = {isa = PBXBuildFile; fileRef = BF43B57729951F0C0026DCE3 /* ProfileView.swift */; };
		BF43B57A29952AFF0026DCE3 /* MoimSettingCell.swift in Sources */ = {isa = PBXBuildFile; fileRef = BF43B57929952AFF0026DCE3 /* MoimSettingCell.swift */; };
		BF6EC77F298D1B2E00F4B170 /* AttendanceResultCell.swift in Sources */ = {isa = PBXBuildFile; fileRef = BF6EC77E298D1B2E00F4B170 /* AttendanceResultCell.swift */; };
		BF9988FC298AD04E005723C7 /* PersonalInformationController.swift in Sources */ = {isa = PBXBuildFile; fileRef = BF9988FB298AD04E005723C7 /* PersonalInformationController.swift */; };
		BF998900298BB0D3005723C7 /* InputMemberInfoController.swift in Sources */ = {isa = PBXBuildFile; fileRef = BF9988FF298BB0D3005723C7 /* InputMemberInfoController.swift */; };
		BFB8431F298CFF9200BA11EC /* UIStackView+Extension.swift in Sources */ = {isa = PBXBuildFile; fileRef = BFB8431E298CFF9200BA11EC /* UIStackView+Extension.swift */; };
		E820792B298A119900B36FC9 /* MainSessionDetailCell.swift in Sources */ = {isa = PBXBuildFile; fileRef = E820792A298A119900B36FC9 /* MainSessionDetailCell.swift */; };
		E820792D298A137700B36FC9 /* MainSessionTimeCell.swift in Sources */ = {isa = PBXBuildFile; fileRef = E820792C298A137700B36FC9 /* MainSessionTimeCell.swift */; };
		E820792F298A138500B36FC9 /* MainSessionAbsentCell.swift in Sources */ = {isa = PBXBuildFile; fileRef = E820792E298A138500B36FC9 /* MainSessionAbsentCell.swift */; };
		E8207932298A163400B36FC9 /* UIView+Extension.swift in Sources */ = {isa = PBXBuildFile; fileRef = E8207931298A163400B36FC9 /* UIView+Extension.swift */; };
		E8207934298A22D000B36FC9 /* MainSessionInfoCell.swift in Sources */ = {isa = PBXBuildFile; fileRef = E8207933298A22D000B36FC9 /* MainSessionInfoCell.swift */; };
		E8207936298A248200B36FC9 /* MainSessionNoInfoCell.swift in Sources */ = {isa = PBXBuildFile; fileRef = E8207935298A248100B36FC9 /* MainSessionNoInfoCell.swift */; };
		E83238E92984FDDA00DC83C2 /* RxSwift in Frameworks */ = {isa = PBXBuildFile; productRef = E83238E82984FDDA00DC83C2 /* RxSwift */; };
		E83238EC2984FE0800DC83C2 /* Toast in Frameworks */ = {isa = PBXBuildFile; productRef = E83238EB2984FE0800DC83C2 /* Toast */; };
		E83238EF2984FE3200DC83C2 /* Alamofire in Frameworks */ = {isa = PBXBuildFile; productRef = E83238EE2984FE3200DC83C2 /* Alamofire */; };
		E83238F1298506A000DC83C2 /* MainViewController.swift in Sources */ = {isa = PBXBuildFile; fileRef = E83238F0298506A000DC83C2 /* MainViewController.swift */; };
		E8D5C3F12984FC23003D1AD0 /* AppDelegate.swift in Sources */ = {isa = PBXBuildFile; fileRef = E8D5C3F02984FC23003D1AD0 /* AppDelegate.swift */; };
		E8D5C3F32984FC23003D1AD0 /* SceneDelegate.swift in Sources */ = {isa = PBXBuildFile; fileRef = E8D5C3F22984FC23003D1AD0 /* SceneDelegate.swift */; };
		E8D5C3F52984FC23003D1AD0 /* ViewController.swift in Sources */ = {isa = PBXBuildFile; fileRef = E8D5C3F42984FC23003D1AD0 /* ViewController.swift */; };
		E8D5C3FA2984FC25003D1AD0 /* Assets.xcassets in Resources */ = {isa = PBXBuildFile; fileRef = E8D5C3F92984FC25003D1AD0 /* Assets.xcassets */; };
		E8D5C4072984FD73003D1AD0 /* SnapKit in Frameworks */ = {isa = PBXBuildFile; productRef = E8D5C4062984FD73003D1AD0 /* SnapKit */; };
/* End PBXBuildFile section */

/* Begin PBXFileReference section */
		3A5AC30F29898B330080323A /* UIButton+Extension.swift */ = {isa = PBXFileReference; lastKnownFileType = sourcecode.swift; path = "UIButton+Extension.swift"; sourceTree = "<group>"; };
		3A75FC0F298827BE00B36A46 /* MainAttendanceCodeCell.swift */ = {isa = PBXFileReference; lastKnownFileType = sourcecode.swift; path = MainAttendanceCodeCell.swift; sourceTree = "<group>"; };
		3A8E2DDE2997697E00D5476A /* AttendanceCodeDetailViewController.swift */ = {isa = PBXFileReference; fileEncoding = 4; lastKnownFileType = sourcecode.swift; path = AttendanceCodeDetailViewController.swift; sourceTree = "<group>"; };
		3AA713C829884007006F922F /* MainAttendanceDoneCell.swift */ = {isa = PBXFileReference; lastKnownFileType = sourcecode.swift; path = MainAttendanceDoneCell.swift; sourceTree = "<group>"; };
		3AA713D0298946FF006F922F /* UIColor+Extension.swift */ = {isa = PBXFileReference; lastKnownFileType = sourcecode.swift; path = "UIColor+Extension.swift"; sourceTree = "<group>"; };
		3ABBF74729975801004D4D0B /* NotActiveSessionCell.swift */ = {isa = PBXFileReference; fileEncoding = 4; lastKnownFileType = sourcecode.swift; path = NotActiveSessionCell.swift; sourceTree = "<group>"; };
		3ABBF74E29975ED9004D4D0B /* AdminSessionCell.swift */ = {isa = PBXFileReference; fileEncoding = 4; lastKnownFileType = sourcecode.swift; path = AdminSessionCell.swift; sourceTree = "<group>"; };
		3ABBF74F29975ED9004D4D0B /* AdminSessionTableViewController.swift */ = {isa = PBXFileReference; fileEncoding = 4; lastKnownFileType = sourcecode.swift; path = AdminSessionTableViewController.swift; sourceTree = "<group>"; };
		3ABBF75029975ED9004D4D0B /* AddSessionViewController.swift */ = {isa = PBXFileReference; fileEncoding = 4; lastKnownFileType = sourcecode.swift; path = AddSessionViewController.swift; sourceTree = "<group>"; };
		3ABEDB6F29976EF100F9BF1C /* UINavigationController+Extension.swift */ = {isa = PBXFileReference; fileEncoding = 4; lastKnownFileType = sourcecode.swift; path = "UINavigationController+Extension.swift"; sourceTree = "<group>"; };
		3ABEDB7029976EF100F9BF1C /* Optional+Extension.swift */ = {isa = PBXFileReference; fileEncoding = 4; lastKnownFileType = sourcecode.swift; path = "Optional+Extension.swift"; sourceTree = "<group>"; };
		3ABEDB732997719000F9BF1C /* String+Extension.swift */ = {isa = PBXFileReference; fileEncoding = 4; lastKnownFileType = sourcecode.swift; path = "String+Extension.swift"; sourceTree = "<group>"; };
		3ABEDB75299771A900F9BF1C /* Collection+Extension.swift */ = {isa = PBXFileReference; fileEncoding = 4; lastKnownFileType = sourcecode.swift; path = "Collection+Extension.swift"; sourceTree = "<group>"; };
		8273295DD5293F3ED48138F8 /* Pods-momoIOS.release.xcconfig */ = {isa = PBXFileReference; includeInIndex = 1; lastKnownFileType = text.xcconfig; name = "Pods-momoIOS.release.xcconfig"; path = "Target Support Files/Pods-momoIOS/Pods-momoIOS.release.xcconfig"; sourceTree = "<group>"; };
		AADB49F93EF973F8B0D3AD5E /* Pods-momoIOS.debug.xcconfig */ = {isa = PBXFileReference; includeInIndex = 1; lastKnownFileType = text.xcconfig; name = "Pods-momoIOS.debug.xcconfig"; path = "Target Support Files/Pods-momoIOS/Pods-momoIOS.debug.xcconfig"; sourceTree = "<group>"; };
		BF0408622987B3AA00F1129B /* LoginController.swift */ = {isa = PBXFileReference; fileEncoding = 4; lastKnownFileType = sourcecode.swift; path = LoginController.swift; sourceTree = "<group>"; };
		BF04086A2987E34800F1129B /* AuthCommonConstants.swift */ = {isa = PBXFileReference; lastKnownFileType = sourcecode.swift; path = AuthCommonConstants.swift; sourceTree = "<group>"; };
		BF04086C2987E38C00F1129B /* RegistrationController.swift */ = {isa = PBXFileReference; lastKnownFileType = sourcecode.swift; path = RegistrationController.swift; sourceTree = "<group>"; };
		BF04086E2987E70200F1129B /* CheckSecurityCodeController.swift */ = {isa = PBXFileReference; lastKnownFileType = sourcecode.swift; path = CheckSecurityCodeController.swift; sourceTree = "<group>"; };
		BF088BC4299A10B100A63A5B /* AbsenceModalViewController.swift */ = {isa = PBXFileReference; fileEncoding = 4; lastKnownFileType = sourcecode.swift; path = AbsenceModalViewController.swift; sourceTree = "<group>"; };
		BF234F5F299B597300E6ADBA /* RegisterPlaceViewControlelr.swift */ = {isa = PBXFileReference; lastKnownFileType = sourcecode.swift; path = RegisterPlaceViewControlelr.swift; sourceTree = "<group>"; };
		BF405C7729972C4900B5889D /* AddIndividualMemberViewController.swift */ = {isa = PBXFileReference; lastKnownFileType = sourcecode.swift; path = AddIndividualMemberViewController.swift; sourceTree = "<group>"; };
		BF405C7D29976DB400B5889D /* CommonTitleLabel.swift */ = {isa = PBXFileReference; lastKnownFileType = sourcecode.swift; path = CommonTitleLabel.swift; sourceTree = "<group>"; };
		BF405C7F29976F9300B5889D /* CommonTextField.swift */ = {isa = PBXFileReference; lastKnownFileType = sourcecode.swift; path = CommonTextField.swift; sourceTree = "<group>"; };
		BF405C81299773AA00B5889D /* CommonActionButton.swift */ = {isa = PBXFileReference; lastKnownFileType = sourcecode.swift; path = CommonActionButton.swift; sourceTree = "<group>"; };
		BF4310F9298C525900270DBF /* AttendanceHistoryCell.swift */ = {isa = PBXFileReference; lastKnownFileType = sourcecode.swift; path = AttendanceHistoryCell.swift; sourceTree = "<group>"; };
		BF43B57529951EAF0026DCE3 /* MoimManagementController.swift */ = {isa = PBXFileReference; lastKnownFileType = sourcecode.swift; path = MoimManagementController.swift; sourceTree = "<group>"; };
		BF43B57729951F0C0026DCE3 /* ProfileView.swift */ = {isa = PBXFileReference; lastKnownFileType = sourcecode.swift; path = ProfileView.swift; sourceTree = "<group>"; };
		BF43B57929952AFF0026DCE3 /* MoimSettingCell.swift */ = {isa = PBXFileReference; lastKnownFileType = sourcecode.swift; path = MoimSettingCell.swift; sourceTree = "<group>"; };
		BF6EC77E298D1B2E00F4B170 /* AttendanceResultCell.swift */ = {isa = PBXFileReference; lastKnownFileType = sourcecode.swift; path = AttendanceResultCell.swift; sourceTree = "<group>"; };
		BF9988FB298AD04E005723C7 /* PersonalInformationController.swift */ = {isa = PBXFileReference; lastKnownFileType = sourcecode.swift; path = PersonalInformationController.swift; sourceTree = "<group>"; };
		BF9988FF298BB0D3005723C7 /* InputMemberInfoController.swift */ = {isa = PBXFileReference; lastKnownFileType = sourcecode.swift; path = InputMemberInfoController.swift; sourceTree = "<group>"; };
		BFB8431E298CFF9200BA11EC /* UIStackView+Extension.swift */ = {isa = PBXFileReference; lastKnownFileType = sourcecode.swift; path = "UIStackView+Extension.swift"; sourceTree = "<group>"; };
		E45B17EF748C61E8DABEACD4 /* libPods-momoIOS.a */ = {isa = PBXFileReference; explicitFileType = archive.ar; includeInIndex = 0; path = "libPods-momoIOS.a"; sourceTree = BUILT_PRODUCTS_DIR; };
		E820792A298A119900B36FC9 /* MainSessionDetailCell.swift */ = {isa = PBXFileReference; lastKnownFileType = sourcecode.swift; path = MainSessionDetailCell.swift; sourceTree = "<group>"; };
		E820792C298A137700B36FC9 /* MainSessionTimeCell.swift */ = {isa = PBXFileReference; lastKnownFileType = sourcecode.swift; path = MainSessionTimeCell.swift; sourceTree = "<group>"; };
		E820792E298A138500B36FC9 /* MainSessionAbsentCell.swift */ = {isa = PBXFileReference; lastKnownFileType = sourcecode.swift; path = MainSessionAbsentCell.swift; sourceTree = "<group>"; };
		E8207931298A163400B36FC9 /* UIView+Extension.swift */ = {isa = PBXFileReference; fileEncoding = 4; lastKnownFileType = sourcecode.swift; path = "UIView+Extension.swift"; sourceTree = "<group>"; };
		E8207933298A22D000B36FC9 /* MainSessionInfoCell.swift */ = {isa = PBXFileReference; lastKnownFileType = sourcecode.swift; path = MainSessionInfoCell.swift; sourceTree = "<group>"; };
		E8207935298A248100B36FC9 /* MainSessionNoInfoCell.swift */ = {isa = PBXFileReference; lastKnownFileType = sourcecode.swift; path = MainSessionNoInfoCell.swift; sourceTree = "<group>"; };
		E83238F0298506A000DC83C2 /* MainViewController.swift */ = {isa = PBXFileReference; lastKnownFileType = sourcecode.swift; path = MainViewController.swift; sourceTree = "<group>"; };
		E8D5C3ED2984FC23003D1AD0 /* momoIOS.app */ = {isa = PBXFileReference; explicitFileType = wrapper.application; includeInIndex = 0; path = momoIOS.app; sourceTree = BUILT_PRODUCTS_DIR; };
		E8D5C3F02984FC23003D1AD0 /* AppDelegate.swift */ = {isa = PBXFileReference; lastKnownFileType = sourcecode.swift; path = AppDelegate.swift; sourceTree = "<group>"; };
		E8D5C3F22984FC23003D1AD0 /* SceneDelegate.swift */ = {isa = PBXFileReference; lastKnownFileType = sourcecode.swift; path = SceneDelegate.swift; sourceTree = "<group>"; };
		E8D5C3F42984FC23003D1AD0 /* ViewController.swift */ = {isa = PBXFileReference; lastKnownFileType = sourcecode.swift; path = ViewController.swift; sourceTree = "<group>"; };
		E8D5C3F92984FC25003D1AD0 /* Assets.xcassets */ = {isa = PBXFileReference; lastKnownFileType = folder.assetcatalog; path = Assets.xcassets; sourceTree = "<group>"; };
		E8D5C3FE2984FC25003D1AD0 /* Info.plist */ = {isa = PBXFileReference; lastKnownFileType = text.plist.xml; path = Info.plist; sourceTree = "<group>"; };
/* End PBXFileReference section */

/* Begin PBXFrameworksBuildPhase section */
		E8D5C3EA2984FC23003D1AD0 /* Frameworks */ = {
			isa = PBXFrameworksBuildPhase;
			buildActionMask = 2147483647;
			files = (
				E83238EC2984FE0800DC83C2 /* Toast in Frameworks */,
				E83238EF2984FE3200DC83C2 /* Alamofire in Frameworks */,
				E83238E92984FDDA00DC83C2 /* RxSwift in Frameworks */,
				E8D5C4072984FD73003D1AD0 /* SnapKit in Frameworks */,
				87F8DFFA60C924D9501841E5 /* libPods-momoIOS.a in Frameworks */,
			);
			runOnlyForDeploymentPostprocessing = 0;
		};
/* End PBXFrameworksBuildPhase section */

/* Begin PBXGroup section */
		3A8E2DDC2997697E00D5476A /* AttendanceCodeDetail */ = {
			isa = PBXGroup;
			children = (
				3A8E2DDE2997697E00D5476A /* AttendanceCodeDetailViewController.swift */,
			);
			path = AttendanceCodeDetail;
			sourceTree = "<group>";
		};
		3ABBF73F29975082004D4D0B /* Common */ = {
			isa = PBXGroup;
			children = (
				E8207930298A163400B36FC9 /* Extensions */,
				3ABBF742299750A4004D4D0B /* UI */,
			);
			path = Common;
			sourceTree = "<group>";
		};
		3ABBF742299750A4004D4D0B /* UI */ = {
			isa = PBXGroup;
			children = (
				BF088BC4299A10B100A63A5B /* AbsenceModalViewController.swift */,
				BF405C7D29976DB400B5889D /* CommonTitleLabel.swift */,
				BF405C7F29976F9300B5889D /* CommonTextField.swift */,
				BF405C81299773AA00B5889D /* CommonActionButton.swift */,
				BF43B57729951F0C0026DCE3 /* ProfileView.swift */,
			);
			path = UI;
			sourceTree = "<group>";
		};
		3ABBF743299752EB004D4D0B /* Main */ = {
			isa = PBXGroup;
			children = (
				E83238F0298506A000DC83C2 /* MainViewController.swift */,
				3ABBF7442997530D004D4D0B /* Cells */,
			);
			path = Main;
			sourceTree = "<group>";
		};
		3ABBF7442997530D004D4D0B /* Cells */ = {
			isa = PBXGroup;
			children = (
				E820792A298A119900B36FC9 /* MainSessionDetailCell.swift */,
				E820792C298A137700B36FC9 /* MainSessionTimeCell.swift */,
				E820792E298A138500B36FC9 /* MainSessionAbsentCell.swift */,
				E8207933298A22D000B36FC9 /* MainSessionInfoCell.swift */,
				E8207935298A248100B36FC9 /* MainSessionNoInfoCell.swift */,
				3A75FC0F298827BE00B36A46 /* MainAttendanceCodeCell.swift */,
				3AA713C829884007006F922F /* MainAttendanceDoneCell.swift */,
				3ABBF74729975801004D4D0B /* NotActiveSessionCell.swift */,
			);
			path = Cells;
			sourceTree = "<group>";
		};
		3ABBF745299754AA004D4D0B /* UserSide */ = {
			isa = PBXGroup;
			children = (
				3ABBF743299752EB004D4D0B /* Main */,
				3A8E2DDC2997697E00D5476A /* AttendanceCodeDetail */,
				BF9988FA298AD002005723C7 /* PersonalInformation */,
			);
			path = UserSide;
			sourceTree = "<group>";
		};
		3ABBF746299754C0004D4D0B /* AdminSide */ = {
			isa = PBXGroup;
			children = (
				3ABBF74D29975ED9004D4D0B /* AdminSession */,
				BF43B57429951CB90026DCE3 /* MoimManagement */,
				BF405C7629972C0700B5889D /* MemberManagement */,
			);
			path = AdminSide;
			sourceTree = "<group>";
		};
		3ABBF74D29975ED9004D4D0B /* AdminSession */ = {
			isa = PBXGroup;
			children = (
				3ABBF74E29975ED9004D4D0B /* AdminSessionCell.swift */,
				3ABBF74F29975ED9004D4D0B /* AdminSessionTableViewController.swift */,
				3ABBF75029975ED9004D4D0B /* AddSessionViewController.swift */,
				BF234F5F299B597300E6ADBA /* RegisterPlaceViewControlelr.swift */,
			);
			path = AdminSession;
			sourceTree = "<group>";
		};
		59A22CA9F5D6697459D41317 /* Pods */ = {
			isa = PBXGroup;
			children = (
				AADB49F93EF973F8B0D3AD5E /* Pods-momoIOS.debug.xcconfig */,
				8273295DD5293F3ED48138F8 /* Pods-momoIOS.release.xcconfig */,
			);
			name = Pods;
			path = Pods;
			sourceTree = "<group>";
		};
		6B32116BBD4222CC779ED7B5 /* Frameworks */ = {
			isa = PBXGroup;
			children = (
				E45B17EF748C61E8DABEACD4 /* libPods-momoIOS.a */,
			);
			name = Frameworks;
			sourceTree = "<group>";
		};
		BF0408602987B3AA00F1129B /* Authentication */ = {
			isa = PBXGroup;
			children = (
				BF0408612987B3AA00F1129B /* Controller */,
			);
			path = Authentication;
			sourceTree = "<group>";
		};
		BF0408612987B3AA00F1129B /* Controller */ = {
			isa = PBXGroup;
			children = (
				BF0408622987B3AA00F1129B /* LoginController.swift */,
				BF04086C2987E38C00F1129B /* RegistrationController.swift */,
				BF9988FF298BB0D3005723C7 /* InputMemberInfoController.swift */,
				BF04086A2987E34800F1129B /* AuthCommonConstants.swift */,
				BF04086E2987E70200F1129B /* CheckSecurityCodeController.swift */,
			);
			path = Controller;
			sourceTree = "<group>";
		};
		BF088BC3299A0F7000A63A5B /* Recovered References */ = {
			isa = PBXGroup;
			children = (
			);
			name = "Recovered References";
			sourceTree = "<group>";
		};
		BF405C7629972C0700B5889D /* MemberManagement */ = {
			isa = PBXGroup;
			children = (
				BF405C7729972C4900B5889D /* AddIndividualMemberViewController.swift */,
			);
			path = MemberManagement;
			sourceTree = "<group>";
		};
		BF43B57429951CB90026DCE3 /* MoimManagement */ = {
			isa = PBXGroup;
			children = (
				BF43B57529951EAF0026DCE3 /* MoimManagementController.swift */,
				BF43B57929952AFF0026DCE3 /* MoimSettingCell.swift */,
			);
			path = MoimManagement;
			sourceTree = "<group>";
		};
		BF9988FA298AD002005723C7 /* PersonalInformation */ = {
			isa = PBXGroup;
			children = (
				BF9988FB298AD04E005723C7 /* PersonalInformationController.swift */,
				BF6EC77E298D1B2E00F4B170 /* AttendanceResultCell.swift */,
				BF4310F9298C525900270DBF /* AttendanceHistoryCell.swift */,
			);
			path = PersonalInformation;
			sourceTree = "<group>";
		};
		E8207930298A163400B36FC9 /* Extensions */ = {
			isa = PBXGroup;
			children = (
				3ABEDB75299771A900F9BF1C /* Collection+Extension.swift */,
				3ABEDB7029976EF100F9BF1C /* Optional+Extension.swift */,
				3ABEDB732997719000F9BF1C /* String+Extension.swift */,
				3A5AC30F29898B330080323A /* UIButton+Extension.swift */,
				3AA713D0298946FF006F922F /* UIColor+Extension.swift */,
				3ABEDB6F29976EF100F9BF1C /* UINavigationController+Extension.swift */,
				BFB8431E298CFF9200BA11EC /* UIStackView+Extension.swift */,
				E8207931298A163400B36FC9 /* UIView+Extension.swift */,
			);
			path = Extensions;
			sourceTree = "<group>";
		};
		E8D5C3E42984FC23003D1AD0 = {
			isa = PBXGroup;
			children = (
				E8D5C3EF2984FC23003D1AD0 /* momoIOS */,
				E8D5C3EE2984FC23003D1AD0 /* Products */,
				BF088BC3299A0F7000A63A5B /* Recovered References */,
				59A22CA9F5D6697459D41317 /* Pods */,
				6B32116BBD4222CC779ED7B5 /* Frameworks */,
			);
			sourceTree = "<group>";
		};
		E8D5C3EE2984FC23003D1AD0 /* Products */ = {
			isa = PBXGroup;
			children = (
				E8D5C3ED2984FC23003D1AD0 /* momoIOS.app */,
			);
			name = Products;
			sourceTree = "<group>";
		};
		E8D5C3EF2984FC23003D1AD0 /* momoIOS */ = {
			isa = PBXGroup;
			children = (
				E8D5C3F02984FC23003D1AD0 /* AppDelegate.swift */,
				E8D5C3F22984FC23003D1AD0 /* SceneDelegate.swift */,
				E8D5C3F42984FC23003D1AD0 /* ViewController.swift */,
				E8D5C3F92984FC25003D1AD0 /* Assets.xcassets */,
				E8D5C3FE2984FC25003D1AD0 /* Info.plist */,
				3ABBF73F29975082004D4D0B /* Common */,
				BF0408602987B3AA00F1129B /* Authentication */,
				3ABBF746299754C0004D4D0B /* AdminSide */,
				3ABBF745299754AA004D4D0B /* UserSide */,
			);
			path = momoIOS;
			sourceTree = "<group>";
		};
/* End PBXGroup section */

/* Begin PBXNativeTarget section */
		E8D5C3EC2984FC23003D1AD0 /* momoIOS */ = {
			isa = PBXNativeTarget;
			buildConfigurationList = E8D5C4012984FC25003D1AD0 /* Build configuration list for PBXNativeTarget "momoIOS" */;
			buildPhases = (
				FA53D89EC6C241F9178A3E75 /* [CP] Check Pods Manifest.lock */,
				E8D5C4042984FCCA003D1AD0 /* SwiftLint Script */,
				E8D5C3E92984FC23003D1AD0 /* Sources */,
				E8D5C3EA2984FC23003D1AD0 /* Frameworks */,
				E8D5C3EB2984FC23003D1AD0 /* Resources */,
				E4227B8D8328AAB020BC89BD /* [CP] Copy Pods Resources */,
			);
			buildRules = (
			);
			dependencies = (
			);
			name = momoIOS;
			packageProductDependencies = (
				E8D5C4062984FD73003D1AD0 /* SnapKit */,
				E83238E82984FDDA00DC83C2 /* RxSwift */,
				E83238EB2984FE0800DC83C2 /* Toast */,
				E83238EE2984FE3200DC83C2 /* Alamofire */,
			);
			productName = momoIOS;
			productReference = E8D5C3ED2984FC23003D1AD0 /* momoIOS.app */;
			productType = "com.apple.product-type.application";
		};
/* End PBXNativeTarget section */

/* Begin PBXProject section */
		E8D5C3E52984FC23003D1AD0 /* Project object */ = {
			isa = PBXProject;
			attributes = {
				BuildIndependentTargetsInParallel = 1;
				LastSwiftUpdateCheck = 1420;
				LastUpgradeCheck = 1420;
				TargetAttributes = {
					E8D5C3EC2984FC23003D1AD0 = {
						CreatedOnToolsVersion = 14.2;
					};
				};
			};
			buildConfigurationList = E8D5C3E82984FC23003D1AD0 /* Build configuration list for PBXProject "momoIOS" */;
			compatibilityVersion = "Xcode 13.0";
			developmentRegion = en;
			hasScannedForEncodings = 0;
			knownRegions = (
				en,
				Base,
			);
			mainGroup = E8D5C3E42984FC23003D1AD0;
			packageReferences = (
				E8D5C4052984FD73003D1AD0 /* XCRemoteSwiftPackageReference "SnapKit" */,
				E83238E72984FDDA00DC83C2 /* XCRemoteSwiftPackageReference "RxSwift" */,
				E83238EA2984FE0800DC83C2 /* XCRemoteSwiftPackageReference "Toast-Swift" */,
				E83238ED2984FE3200DC83C2 /* XCRemoteSwiftPackageReference "Alamofire" */,
			);
			productRefGroup = E8D5C3EE2984FC23003D1AD0 /* Products */;
			projectDirPath = "";
			projectRoot = "";
			targets = (
				E8D5C3EC2984FC23003D1AD0 /* momoIOS */,
			);
		};
/* End PBXProject section */

/* Begin PBXResourcesBuildPhase section */
		E8D5C3EB2984FC23003D1AD0 /* Resources */ = {
			isa = PBXResourcesBuildPhase;
			buildActionMask = 2147483647;
			files = (
				E8D5C3FA2984FC25003D1AD0 /* Assets.xcassets in Resources */,
			);
			runOnlyForDeploymentPostprocessing = 0;
		};
/* End PBXResourcesBuildPhase section */

/* Begin PBXShellScriptBuildPhase section */
		E4227B8D8328AAB020BC89BD /* [CP] Copy Pods Resources */ = {
			isa = PBXShellScriptBuildPhase;
			buildActionMask = 2147483647;
			files = (
			);
			inputFileListPaths = (
				"${PODS_ROOT}/Target Support Files/Pods-momoIOS/Pods-momoIOS-resources-${CONFIGURATION}-input-files.xcfilelist",
			);
			name = "[CP] Copy Pods Resources";
			outputFileListPaths = (
				"${PODS_ROOT}/Target Support Files/Pods-momoIOS/Pods-momoIOS-resources-${CONFIGURATION}-output-files.xcfilelist",
			);
			runOnlyForDeploymentPostprocessing = 0;
			shellPath = /bin/sh;
			shellScript = "\"${PODS_ROOT}/Target Support Files/Pods-momoIOS/Pods-momoIOS-resources.sh\"\n";
			showEnvVarsInLog = 0;
		};
		E8D5C4042984FCCA003D1AD0 /* SwiftLint Script */ = {
			isa = PBXShellScriptBuildPhase;
			buildActionMask = 2147483647;
			files = (
			);
			inputFileListPaths = (
			);
			inputPaths = (
			);
			name = "SwiftLint Script";
			outputFileListPaths = (
			);
			outputPaths = (
			);
			runOnlyForDeploymentPostprocessing = 0;
			shellPath = /bin/sh;
			shellScript = "if test -d \"/opt/homebrew/bin/\"; then\n  PATH=\"/opt/homebrew/bin/:${PATH}\"\nfi\n\nexport PATH\n\nif which swiftlint >/dev/null; then\n  swiftlint\nelse\n  echo \"warning: SwiftLint not installed, download from https://github.com/realm/SwiftLint\"\nfi\n";
		};
		FA53D89EC6C241F9178A3E75 /* [CP] Check Pods Manifest.lock */ = {
			isa = PBXShellScriptBuildPhase;
			buildActionMask = 2147483647;
			files = (
			);
			inputFileListPaths = (
			);
			inputPaths = (
				"${PODS_PODFILE_DIR_PATH}/Podfile.lock",
				"${PODS_ROOT}/Manifest.lock",
			);
			name = "[CP] Check Pods Manifest.lock";
			outputFileListPaths = (
			);
			outputPaths = (
				"$(DERIVED_FILE_DIR)/Pods-momoIOS-checkManifestLockResult.txt",
			);
			runOnlyForDeploymentPostprocessing = 0;
			shellPath = /bin/sh;
			shellScript = "diff \"${PODS_PODFILE_DIR_PATH}/Podfile.lock\" \"${PODS_ROOT}/Manifest.lock\" > /dev/null\nif [ $? != 0 ] ; then\n    # print error to STDERR\n    echo \"error: The sandbox is not in sync with the Podfile.lock. Run 'pod install' or update your CocoaPods installation.\" >&2\n    exit 1\nfi\n# This output is used by Xcode 'outputs' to avoid re-running this script phase.\necho \"SUCCESS\" > \"${SCRIPT_OUTPUT_FILE_0}\"\n";
			showEnvVarsInLog = 0;
		};
/* End PBXShellScriptBuildPhase section */

/* Begin PBXSourcesBuildPhase section */
		E8D5C3E92984FC23003D1AD0 /* Sources */ = {
			isa = PBXSourcesBuildPhase;
			buildActionMask = 2147483647;
			files = (
				BF088BC5299A10B100A63A5B /* AbsenceModalViewController.swift in Sources */,
				BF9988FC298AD04E005723C7 /* PersonalInformationController.swift in Sources */,
				BF04086D2987E38C00F1129B /* RegistrationController.swift in Sources */,
				E8D5C3F52984FC23003D1AD0 /* ViewController.swift in Sources */,
				BF405C7829972C4900B5889D /* AddIndividualMemberViewController.swift in Sources */,
				E8D5C3F12984FC23003D1AD0 /* AppDelegate.swift in Sources */,
				3ABBF75329975EDA004D4D0B /* AddSessionViewController.swift in Sources */,
				BF04086F2987E70200F1129B /* CheckSecurityCodeController.swift in Sources */,
				E8D5C3F32984FC23003D1AD0 /* SceneDelegate.swift in Sources */,
				3A75FC10298827BE00B36A46 /* MainAttendanceCodeCell.swift in Sources */,
				E83238F1298506A000DC83C2 /* MainViewController.swift in Sources */,
				BF998900298BB0D3005723C7 /* InputMemberInfoController.swift in Sources */,
				BF0408632987B3AA00F1129B /* LoginController.swift in Sources */,
				BF6EC77F298D1B2E00F4B170 /* AttendanceResultCell.swift in Sources */,
				BF405C7E29976DB400B5889D /* CommonTitleLabel.swift in Sources */,
				BF04086B2987E34800F1129B /* AuthCommonConstants.swift in Sources */,
				3A5AC31029898B330080323A /* UIButton+Extension.swift in Sources */,
				BF43B57829951F0C0026DCE3 /* ProfileView.swift in Sources */,
				3A8E2DDF2997697E00D5476A /* AttendanceCodeDetailViewController.swift in Sources */,
				BF405C82299773AA00B5889D /* CommonActionButton.swift in Sources */,
				E8207934298A22D000B36FC9 /* MainSessionInfoCell.swift in Sources */,
				3ABBF74829975801004D4D0B /* NotActiveSessionCell.swift in Sources */,
				3ABBF75229975EDA004D4D0B /* AdminSessionTableViewController.swift in Sources */,
				E8207932298A163400B36FC9 /* UIView+Extension.swift in Sources */,
				BFB8431F298CFF9200BA11EC /* UIStackView+Extension.swift in Sources */,
				3ABBF75129975EDA004D4D0B /* AdminSessionCell.swift in Sources */,
				BF234F60299B597300E6ADBA /* RegisterPlaceViewControlelr.swift in Sources */,
				E820792D298A137700B36FC9 /* MainSessionTimeCell.swift in Sources */,
				E820792B298A119900B36FC9 /* MainSessionDetailCell.swift in Sources */,
				E8207936298A248200B36FC9 /* MainSessionNoInfoCell.swift in Sources */,
				BF43B57629951EAF0026DCE3 /* MoimManagementController.swift in Sources */,
				3ABEDB742997719000F9BF1C /* String+Extension.swift in Sources */,
				3AA713D1298946FF006F922F /* UIColor+Extension.swift in Sources */,
				3AA713C929884007006F922F /* MainAttendanceDoneCell.swift in Sources */,
				BF405C8029976F9300B5889D /* CommonTextField.swift in Sources */,
				BF43B57A29952AFF0026DCE3 /* MoimSettingCell.swift in Sources */,
				E820792F298A138500B36FC9 /* MainSessionAbsentCell.swift in Sources */,
				BF4310FA298C525900270DBF /* AttendanceHistoryCell.swift in Sources */,
				3ABEDB76299771A900F9BF1C /* Collection+Extension.swift in Sources */,
				3ABEDB7129976EF100F9BF1C /* UINavigationController+Extension.swift in Sources */,
				3ABEDB7229976EF100F9BF1C /* Optional+Extension.swift in Sources */,
			);
			runOnlyForDeploymentPostprocessing = 0;
		};
/* End PBXSourcesBuildPhase section */

/* Begin XCBuildConfiguration section */
		E8D5C3FF2984FC25003D1AD0 /* Debug */ = {
			isa = XCBuildConfiguration;
			buildSettings = {
				ALWAYS_SEARCH_USER_PATHS = NO;
				CLANG_ANALYZER_NONNULL = YES;
				CLANG_ANALYZER_NUMBER_OBJECT_CONVERSION = YES_AGGRESSIVE;
				CLANG_CXX_LANGUAGE_STANDARD = "gnu++20";
				CLANG_ENABLE_MODULES = YES;
				CLANG_ENABLE_OBJC_ARC = YES;
				CLANG_ENABLE_OBJC_WEAK = YES;
				CLANG_WARN_BLOCK_CAPTURE_AUTORELEASING = YES;
				CLANG_WARN_BOOL_CONVERSION = YES;
				CLANG_WARN_COMMA = YES;
				CLANG_WARN_CONSTANT_CONVERSION = YES;
				CLANG_WARN_DEPRECATED_OBJC_IMPLEMENTATIONS = YES;
				CLANG_WARN_DIRECT_OBJC_ISA_USAGE = YES_ERROR;
				CLANG_WARN_DOCUMENTATION_COMMENTS = YES;
				CLANG_WARN_EMPTY_BODY = YES;
				CLANG_WARN_ENUM_CONVERSION = YES;
				CLANG_WARN_INFINITE_RECURSION = YES;
				CLANG_WARN_INT_CONVERSION = YES;
				CLANG_WARN_NON_LITERAL_NULL_CONVERSION = YES;
				CLANG_WARN_OBJC_IMPLICIT_RETAIN_SELF = YES;
				CLANG_WARN_OBJC_LITERAL_CONVERSION = YES;
				CLANG_WARN_OBJC_ROOT_CLASS = YES_ERROR;
				CLANG_WARN_QUOTED_INCLUDE_IN_FRAMEWORK_HEADER = YES;
				CLANG_WARN_RANGE_LOOP_ANALYSIS = YES;
				CLANG_WARN_STRICT_PROTOTYPES = YES;
				CLANG_WARN_SUSPICIOUS_MOVE = YES;
				CLANG_WARN_UNGUARDED_AVAILABILITY = YES_AGGRESSIVE;
				CLANG_WARN_UNREACHABLE_CODE = YES;
				CLANG_WARN__DUPLICATE_METHOD_MATCH = YES;
				COPY_PHASE_STRIP = NO;
				DEBUG_INFORMATION_FORMAT = dwarf;
				ENABLE_STRICT_OBJC_MSGSEND = YES;
				ENABLE_TESTABILITY = YES;
				GCC_C_LANGUAGE_STANDARD = gnu11;
				GCC_DYNAMIC_NO_PIC = NO;
				GCC_NO_COMMON_BLOCKS = YES;
				GCC_OPTIMIZATION_LEVEL = 0;
				GCC_PREPROCESSOR_DEFINITIONS = (
					"DEBUG=1",
					"$(inherited)",
				);
				GCC_WARN_64_TO_32_BIT_CONVERSION = YES;
				GCC_WARN_ABOUT_RETURN_TYPE = YES_ERROR;
				GCC_WARN_UNDECLARED_SELECTOR = YES;
				GCC_WARN_UNINITIALIZED_AUTOS = YES_AGGRESSIVE;
				GCC_WARN_UNUSED_FUNCTION = YES;
				GCC_WARN_UNUSED_VARIABLE = YES;
				IPHONEOS_DEPLOYMENT_TARGET = 16.2;
				MTL_ENABLE_DEBUG_INFO = INCLUDE_SOURCE;
				MTL_FAST_MATH = YES;
				ONLY_ACTIVE_ARCH = YES;
				SDKROOT = iphoneos;
				SWIFT_ACTIVE_COMPILATION_CONDITIONS = DEBUG;
				SWIFT_OPTIMIZATION_LEVEL = "-Onone";
			};
			name = Debug;
		};
		E8D5C4002984FC25003D1AD0 /* Release */ = {
			isa = XCBuildConfiguration;
			buildSettings = {
				ALWAYS_SEARCH_USER_PATHS = NO;
				CLANG_ANALYZER_NONNULL = YES;
				CLANG_ANALYZER_NUMBER_OBJECT_CONVERSION = YES_AGGRESSIVE;
				CLANG_CXX_LANGUAGE_STANDARD = "gnu++20";
				CLANG_ENABLE_MODULES = YES;
				CLANG_ENABLE_OBJC_ARC = YES;
				CLANG_ENABLE_OBJC_WEAK = YES;
				CLANG_WARN_BLOCK_CAPTURE_AUTORELEASING = YES;
				CLANG_WARN_BOOL_CONVERSION = YES;
				CLANG_WARN_COMMA = YES;
				CLANG_WARN_CONSTANT_CONVERSION = YES;
				CLANG_WARN_DEPRECATED_OBJC_IMPLEMENTATIONS = YES;
				CLANG_WARN_DIRECT_OBJC_ISA_USAGE = YES_ERROR;
				CLANG_WARN_DOCUMENTATION_COMMENTS = YES;
				CLANG_WARN_EMPTY_BODY = YES;
				CLANG_WARN_ENUM_CONVERSION = YES;
				CLANG_WARN_INFINITE_RECURSION = YES;
				CLANG_WARN_INT_CONVERSION = YES;
				CLANG_WARN_NON_LITERAL_NULL_CONVERSION = YES;
				CLANG_WARN_OBJC_IMPLICIT_RETAIN_SELF = YES;
				CLANG_WARN_OBJC_LITERAL_CONVERSION = YES;
				CLANG_WARN_OBJC_ROOT_CLASS = YES_ERROR;
				CLANG_WARN_QUOTED_INCLUDE_IN_FRAMEWORK_HEADER = YES;
				CLANG_WARN_RANGE_LOOP_ANALYSIS = YES;
				CLANG_WARN_STRICT_PROTOTYPES = YES;
				CLANG_WARN_SUSPICIOUS_MOVE = YES;
				CLANG_WARN_UNGUARDED_AVAILABILITY = YES_AGGRESSIVE;
				CLANG_WARN_UNREACHABLE_CODE = YES;
				CLANG_WARN__DUPLICATE_METHOD_MATCH = YES;
				COPY_PHASE_STRIP = NO;
				DEBUG_INFORMATION_FORMAT = "dwarf-with-dsym";
				ENABLE_NS_ASSERTIONS = NO;
				ENABLE_STRICT_OBJC_MSGSEND = YES;
				GCC_C_LANGUAGE_STANDARD = gnu11;
				GCC_NO_COMMON_BLOCKS = YES;
				GCC_WARN_64_TO_32_BIT_CONVERSION = YES;
				GCC_WARN_ABOUT_RETURN_TYPE = YES_ERROR;
				GCC_WARN_UNDECLARED_SELECTOR = YES;
				GCC_WARN_UNINITIALIZED_AUTOS = YES_AGGRESSIVE;
				GCC_WARN_UNUSED_FUNCTION = YES;
				GCC_WARN_UNUSED_VARIABLE = YES;
				IPHONEOS_DEPLOYMENT_TARGET = 16.2;
				MTL_ENABLE_DEBUG_INFO = NO;
				MTL_FAST_MATH = YES;
				SDKROOT = iphoneos;
				SWIFT_COMPILATION_MODE = wholemodule;
				SWIFT_OPTIMIZATION_LEVEL = "-O";
				VALIDATE_PRODUCT = YES;
			};
			name = Release;
		};
		E8D5C4022984FC25003D1AD0 /* Debug */ = {
			isa = XCBuildConfiguration;
			baseConfigurationReference = AADB49F93EF973F8B0D3AD5E /* Pods-momoIOS.debug.xcconfig */;
			buildSettings = {
				ASSETCATALOG_COMPILER_APPICON_NAME = AppIcon;
				ASSETCATALOG_COMPILER_GLOBAL_ACCENT_COLOR_NAME = AccentColor;
				CODE_SIGN_STYLE = Automatic;
				CURRENT_PROJECT_VERSION = 1;
				GENERATE_INFOPLIST_FILE = YES;
				INFOPLIST_FILE = momoIOS/Info.plist;
				INFOPLIST_KEY_UIApplicationSupportsIndirectInputEvents = YES;
				INFOPLIST_KEY_UILaunchStoryboardName = LaunchScreen;
				INFOPLIST_KEY_UISupportedInterfaceOrientations_iPad = "UIInterfaceOrientationPortrait UIInterfaceOrientationPortraitUpsideDown UIInterfaceOrientationLandscapeLeft UIInterfaceOrientationLandscapeRight";
				INFOPLIST_KEY_UISupportedInterfaceOrientations_iPhone = "UIInterfaceOrientationPortrait UIInterfaceOrientationLandscapeLeft UIInterfaceOrientationLandscapeRight";
				IPHONEOS_DEPLOYMENT_TARGET = 13.0;
				LD_RUNPATH_SEARCH_PATHS = (
					"$(inherited)",
					"@executable_path/Frameworks",
				);
				MARKETING_VERSION = 1.0;
				PRODUCT_BUNDLE_IDENTIFIER = com.teamnexters.momoIOS;
				PRODUCT_NAME = "$(TARGET_NAME)";
				SWIFT_EMIT_LOC_STRINGS = YES;
				SWIFT_VERSION = 5.0;
				TARGETED_DEVICE_FAMILY = "1,2";
			};
			name = Debug;
		};
		E8D5C4032984FC25003D1AD0 /* Release */ = {
			isa = XCBuildConfiguration;
			baseConfigurationReference = 8273295DD5293F3ED48138F8 /* Pods-momoIOS.release.xcconfig */;
			buildSettings = {
				ASSETCATALOG_COMPILER_APPICON_NAME = AppIcon;
				ASSETCATALOG_COMPILER_GLOBAL_ACCENT_COLOR_NAME = AccentColor;
				CODE_SIGN_STYLE = Automatic;
				CURRENT_PROJECT_VERSION = 1;
				GENERATE_INFOPLIST_FILE = YES;
				INFOPLIST_FILE = momoIOS/Info.plist;
				INFOPLIST_KEY_UIApplicationSupportsIndirectInputEvents = YES;
				INFOPLIST_KEY_UILaunchStoryboardName = LaunchScreen;
				INFOPLIST_KEY_UISupportedInterfaceOrientations_iPad = "UIInterfaceOrientationPortrait UIInterfaceOrientationPortraitUpsideDown UIInterfaceOrientationLandscapeLeft UIInterfaceOrientationLandscapeRight";
				INFOPLIST_KEY_UISupportedInterfaceOrientations_iPhone = "UIInterfaceOrientationPortrait UIInterfaceOrientationLandscapeLeft UIInterfaceOrientationLandscapeRight";
				IPHONEOS_DEPLOYMENT_TARGET = 13.0;
				LD_RUNPATH_SEARCH_PATHS = (
					"$(inherited)",
					"@executable_path/Frameworks",
				);
				MARKETING_VERSION = 1.0;
				PRODUCT_BUNDLE_IDENTIFIER = com.teamnexters.momoIOS;
				PRODUCT_NAME = "$(TARGET_NAME)";
				SWIFT_EMIT_LOC_STRINGS = YES;
				SWIFT_VERSION = 5.0;
				TARGETED_DEVICE_FAMILY = "1,2";
			};
			name = Release;
		};
/* End XCBuildConfiguration section */

/* Begin XCConfigurationList section */
		E8D5C3E82984FC23003D1AD0 /* Build configuration list for PBXProject "momoIOS" */ = {
			isa = XCConfigurationList;
			buildConfigurations = (
				E8D5C3FF2984FC25003D1AD0 /* Debug */,
				E8D5C4002984FC25003D1AD0 /* Release */,
			);
			defaultConfigurationIsVisible = 0;
			defaultConfigurationName = Release;
		};
		E8D5C4012984FC25003D1AD0 /* Build configuration list for PBXNativeTarget "momoIOS" */ = {
			isa = XCConfigurationList;
			buildConfigurations = (
				E8D5C4022984FC25003D1AD0 /* Debug */,
				E8D5C4032984FC25003D1AD0 /* Release */,
			);
			defaultConfigurationIsVisible = 0;
			defaultConfigurationName = Release;
		};
/* End XCConfigurationList section */

/* Begin XCRemoteSwiftPackageReference section */
		E83238E72984FDDA00DC83C2 /* XCRemoteSwiftPackageReference "RxSwift" */ = {
			isa = XCRemoteSwiftPackageReference;
			repositoryURL = "https://github.com/ReactiveX/RxSwift";
			requirement = {
				kind = upToNextMajorVersion;
				minimumVersion = 6.0.0;
			};
		};
		E83238EA2984FE0800DC83C2 /* XCRemoteSwiftPackageReference "Toast-Swift" */ = {
			isa = XCRemoteSwiftPackageReference;
			repositoryURL = "https://github.com/scalessec/Toast-Swift";
			requirement = {
				kind = upToNextMajorVersion;
				minimumVersion = 5.0.0;
			};
		};
		E83238ED2984FE3200DC83C2 /* XCRemoteSwiftPackageReference "Alamofire" */ = {
			isa = XCRemoteSwiftPackageReference;
			repositoryURL = "https://github.com/Alamofire/Alamofire";
			requirement = {
				kind = upToNextMajorVersion;
				minimumVersion = 5.0.0;
			};
		};
		E8D5C4052984FD73003D1AD0 /* XCRemoteSwiftPackageReference "SnapKit" */ = {
			isa = XCRemoteSwiftPackageReference;
			repositoryURL = "https://github.com/SnapKit/SnapKit";
			requirement = {
				kind = upToNextMajorVersion;
				minimumVersion = 5.0.0;
			};
		};
/* End XCRemoteSwiftPackageReference section */

/* Begin XCSwiftPackageProductDependency section */
		E83238E82984FDDA00DC83C2 /* RxSwift */ = {
			isa = XCSwiftPackageProductDependency;
			package = E83238E72984FDDA00DC83C2 /* XCRemoteSwiftPackageReference "RxSwift" */;
			productName = RxSwift;
		};
		E83238EB2984FE0800DC83C2 /* Toast */ = {
			isa = XCSwiftPackageProductDependency;
			package = E83238EA2984FE0800DC83C2 /* XCRemoteSwiftPackageReference "Toast-Swift" */;
			productName = Toast;
		};
		E83238EE2984FE3200DC83C2 /* Alamofire */ = {
			isa = XCSwiftPackageProductDependency;
			package = E83238ED2984FE3200DC83C2 /* XCRemoteSwiftPackageReference "Alamofire" */;
			productName = Alamofire;
		};
		E8D5C4062984FD73003D1AD0 /* SnapKit */ = {
			isa = XCSwiftPackageProductDependency;
			package = E8D5C4052984FD73003D1AD0 /* XCRemoteSwiftPackageReference "SnapKit" */;
			productName = SnapKit;
		};
/* End XCSwiftPackageProductDependency section */
	};
	rootObject = E8D5C3E52984FC23003D1AD0 /* Project object */;
}
